
Microsoft Visual Studio Solution File, Format Version 12.00
# Visual Studio Version 17
VisualStudioVersion = 17.12.35521.163
MinimumVisualStudioVersion = 10.0.40219.1
Project("{2150E333-8FDC-42A3-9474-1A3956D46DE8}") = "Services", "Services", "{3EBA4D9A-EB28-436B-9814-A310E56D557C}"
EndProject
Project("{2150E333-8FDC-42A3-9474-1A3956D46DE8}") = "Catalog", "Catalog", "{478E0B8B-BF80-423C-A604-7E92669FCF17}"
EndProject
Project("{FAE04EC0-301F-11D3-BF4B-00C04F79EFBC}") = "Catalog.API", "Services\Catalog\Catalog.API\Catalog.API.csproj", "{674EC3FB-8217-4677-A100-16C5CBE15058}"
EndProject
Project("{2150E333-8FDC-42A3-9474-1A3956D46DE8}") = "BuildingBlocks", "BuildingBlocks", "{CD760B3A-DFB5-4BDF-B06A-18DC704FF18D}"
EndProject
Project("{FAE04EC0-301F-11D3-BF4B-00C04F79EFBC}") = "BuildingBlocks", "BuildingBlocks\BuildingBlocks\BuildingBlocks.csproj", "{6EE74DB7-56C1-4D4B-943C-18C6E1B8E36B}"
EndProject
Project("{2150E333-8FDC-42A3-9474-1A3956D46DE8}") = "POC's", "POC's", "{C75801D7-DA52-4B44-BB24-FAAD7512E4A2}"
EndProject
Project("{FAE04EC0-301F-11D3-BF4B-00C04F79EFBC}") = "CQRS Pattern Demo", "CQRS Pattern Demo\CQRS Pattern Demo.csproj", "{6E4E8FCB-1131-4F90-A6FA-96F37CDE89D6}"
EndProject
Project("{FAE04EC0-301F-11D3-BF4B-00C04F79EFBC}") = "MediatorDemo", "POC's\ConsoleApp1\MediatorDemo.csproj", "{C60A90B7-5FF5-4EE5-BB11-9C6B5200868D}"
EndProject
Global
	GlobalSection(SolutionConfigurationPlatforms) = preSolution
		Debug|Any CPU = Debug|Any CPU
		Release|Any CPU = Release|Any CPU
	EndGlobalSection
	GlobalSection(ProjectConfigurationPlatforms) = postSolution
		{674EC3FB-8217-4677-A100-16C5CBE15058}.Debug|Any CPU.ActiveCfg = Debug|Any CPU
		{674EC3FB-8217-4677-A100-16C5CBE15058}.Debug|Any CPU.Build.0 = Debug|Any CPU
		{674EC3FB-8217-4677-A100-16C5CBE15058}.Release|Any CPU.ActiveCfg = Release|Any CPU
		{674EC3FB-8217-4677-A100-16C5CBE15058}.Release|Any CPU.Build.0 = Release|Any CPU
		{6EE74DB7-56C1-4D4B-943C-18C6E1B8E36B}.Debug|Any CPU.ActiveCfg = Debug|Any CPU
		{6EE74DB7-56C1-4D4B-943C-18C6E1B8E36B}.Debug|Any CPU.Build.0 = Debug|Any CPU
		{6EE74DB7-56C1-4D4B-943C-18C6E1B8E36B}.Release|Any CPU.ActiveCfg = Release|Any CPU
		{6EE74DB7-56C1-4D4B-943C-18C6E1B8E36B}.Release|Any CPU.Build.0 = Release|Any CPU
		{6E4E8FCB-1131-4F90-A6FA-96F37CDE89D6}.Debug|Any CPU.ActiveCfg = Debug|Any CPU
		{6E4E8FCB-1131-4F90-A6FA-96F37CDE89D6}.Debug|Any CPU.Build.0 = Debug|Any CPU
		{6E4E8FCB-1131-4F90-A6FA-96F37CDE89D6}.Release|Any CPU.ActiveCfg = Release|Any CPU
		{6E4E8FCB-1131-4F90-A6FA-96F37CDE89D6}.Release|Any CPU.Build.0 = Release|Any CPU
		{C60A90B7-5FF5-4EE5-BB11-9C6B5200868D}.Debug|Any CPU.ActiveCfg = Debug|Any CPU
		{C60A90B7-5FF5-4EE5-BB11-9C6B5200868D}.Debug|Any CPU.Build.0 = Debug|Any CPU
		{C60A90B7-5FF5-4EE5-BB11-9C6B5200868D}.Release|Any CPU.ActiveCfg = Release|Any CPU
		{C60A90B7-5FF5-4EE5-BB11-9C6B5200868D}.Release|Any CPU.Build.0 = Release|Any CPU
	EndGlobalSection
	GlobalSection(SolutionProperties) = preSolution
		HideSolutionNode = FALSE
	EndGlobalSection
	GlobalSection(NestedProjects) = preSolution
		{478E0B8B-BF80-423C-A604-7E92669FCF17} = {3EBA4D9A-EB28-436B-9814-A310E56D557C}
		{674EC3FB-8217-4677-A100-16C5CBE15058} = {478E0B8B-BF80-423C-A604-7E92669FCF17}
		{6EE74DB7-56C1-4D4B-943C-18C6E1B8E36B} = {CD760B3A-DFB5-4BDF-B06A-18DC704FF18D}
		{6E4E8FCB-1131-4F90-A6FA-96F37CDE89D6} = {C75801D7-DA52-4B44-BB24-FAAD7512E4A2}
		{C60A90B7-5FF5-4EE5-BB11-9C6B5200868D} = {C75801D7-DA52-4B44-BB24-FAAD7512E4A2}
	EndGlobalSection
EndGlobal
